
Microsoft Visual Studio Solution File, Format Version 11.00
# Visual Studio 2010
Project("{FAE04EC0-301F-11D3-BF4B-00C04F79EFBC}") = "Assembly-CSharp", "Assembly-CSharp.csproj", "{404BC69B-A9F9-17DF-A4B9-71E8B510511C}"
EndProject
Project("{FAE04EC0-301F-11D3-BF4B-00C04F79EFBC}") = "Assembly-CSharp-Editor", "Assembly-CSharp-Editor.csproj", "{1D42245B-9103-4978-60D7-7406F523A2B9}"
EndProject
Global
	GlobalSection(SolutionConfigurationPlatforms) = preSolution
		Debug|Any CPU = Debug|Any CPU
		Release|Any CPU = Release|Any CPU
	EndGlobalSection
	GlobalSection(ProjectConfigurationPlatforms) = postSolution
		{404BC69B-A9F9-17DF-A4B9-71E8B510511C}.Debug|Any CPU.ActiveCfg = Debug|Any CPU
		{404BC69B-A9F9-17DF-A4B9-71E8B510511C}.Debug|Any CPU.Build.0 = Debug|Any CPU
		{404BC69B-A9F9-17DF-A4B9-71E8B510511C}.Release|Any CPU.ActiveCfg = Release|Any CPU
		{404BC69B-A9F9-17DF-A4B9-71E8B510511C}.Release|Any CPU.Build.0 = Release|Any CPU
		{1D42245B-9103-4978-60D7-7406F523A2B9}.Debug|Any CPU.ActiveCfg = Debug|Any CPU
		{1D42245B-9103-4978-60D7-7406F523A2B9}.Debug|Any CPU.Build.0 = Debug|Any CPU
		{1D42245B-9103-4978-60D7-7406F523A2B9}.Release|Any CPU.ActiveCfg = Release|Any CPU
		{1D42245B-9103-4978-60D7-7406F523A2B9}.Release|Any CPU.Build.0 = Release|Any CPU
	EndGlobalSection
	GlobalSection(SolutionProperties) = preSolution
		HideSolutionNode = FALSE
	EndGlobalSection
	GlobalSection(MonoDevelopProperties) = preSolution
		StartupItem = Assembly-CSharp.csproj
	EndGlobalSection
EndGlobal
